
Microsoft Visual Studio Solution File, Format Version 12.00
# Visual Studio 15
VisualStudioVersion = 15.0.26430.13
MinimumVisualStudioVersion = 10.0.40219.1
Project("{2150E333-8FDC-42A3-9474-1A3956D46DE8}") = "VSSMaintToolComponents", "VSSMaintToolComponents", "{3B010E19-F10D-49CE-8EB8-3EE6B8EA7BF8}"
EndProject
Project("{2150E333-8FDC-42A3-9474-1A3956D46DE8}") = "Resources", "Resources", "{1C0DFA9D-9B24-4E47-8496-D651CD1061FF}"
EndProject
Project("{2150E333-8FDC-42A3-9474-1A3956D46DE8}") = "Tests", "Tests", "{867A80A0-B47B-46CC-B028-0120D5C326C7}"
EndProject
Project("{2150E333-8FDC-42A3-9474-1A3956D46DE8}") = "FunctionalTests", "FunctionalTests", "{6575A7AB-6F8F-4236-AC61-A8F3EBD0967A}"
EndProject
Project("{2150E333-8FDC-42A3-9474-1A3956D46DE8}") = "NVSComponents", "NVSComponents", "{2E834C98-A7A7-4994-828B-6309EE8BCCE1}"
EndProject
Project("{2150E333-8FDC-42A3-9474-1A3956D46DE8}") = "IntegrationTests", "IntegrationTests", "{CD397936-4455-45B8-B6E1-5924AB4A60B6}"
EndProject
Project("{2150E333-8FDC-42A3-9474-1A3956D46DE8}") = "NVSComponents", "NVSComponents", "{0E50579C-DB24-4A8D-BF7D-C5A4253D1836}"
EndProject
Project("{2150E333-8FDC-42A3-9474-1A3956D46DE8}") = "ObjectMothers", "ObjectMothers", "{3440E6CF-EB2A-4B15-B8B9-97CE748DFE64}"
EndProject
Project("{2150E333-8FDC-42A3-9474-1A3956D46DE8}") = "NVSComponents", "NVSComponents", "{74F6EA10-5749-4152-A6FD-A4D58AA9352B}"
EndProject
Project("{2150E333-8FDC-42A3-9474-1A3956D46DE8}") = "UnitTests", "UnitTests", "{3AB6013F-41E8-46DC-BB49-7FCAE0792893}"
EndProject
Project("{2150E333-8FDC-42A3-9474-1A3956D46DE8}") = "NVSComponents", "NVSComponents", "{3A73CF61-A22D-40A5-A736-666160A384E8}"
EndProject
Project("{FAE04EC0-301F-11D3-BF4B-00C04F79EFBC}") = "WebUIComponent", "UserInterface\WebUIComponent.csproj", "{35C51828-805C-4FB9-A2FD-B54D1B3D0262}"
EndProject
Project("{2150E333-8FDC-42A3-9474-1A3956D46DE8}") = "UserDomain", "UserDomain", "{1AB016FC-ECD0-4BB8-9F54-87F5D2DD570E}"
EndProject
Project("{FAE04EC0-301F-11D3-BF4B-00C04F79EFBC}") = "UserDomain.Infrastructure", "NVSComponents\UserDomain\Infrastructure\UserDomain.Infrastructure.csproj", "{16676A27-6347-4039-8B8A-FC94F4F79C9E}"
EndProject
Project("{FAE04EC0-301F-11D3-BF4B-00C04F79EFBC}") = "UserDomain.Model", "NVSComponents\UserDomain\Model\UserDomain.Model.csproj", "{73845082-E6DF-4269-B568-517A10EF569B}"
EndProject
Project("{FAE04EC0-301F-11D3-BF4B-00C04F79EFBC}") = "UserDomain.Services", "NVSComponents\UserDomain\Services\UserDomain.Services.csproj", "{561191F7-FA4A-4DC8-90D1-66B423495FB6}"
EndProject
Project("{2150E333-8FDC-42A3-9474-1A3956D46DE8}") = "UserInterface", "UserInterface", "{7DD46556-B554-450A-82ED-10D458176A2E}"
EndProject
Project("{2150E333-8FDC-42A3-9474-1A3956D46DE8}") = "LogDomain", "LogDomain", "{408CF576-77AF-4324-8B22-0FD1BECCD187}"
EndProject
Project("{FAE04EC0-301F-11D3-BF4B-00C04F79EFBC}") = "LogDomain.Infrastructure", "LogDomain\Infrastructure\LogDomain.Infrastructure.csproj", "{412B817C-D3E1-43D2-8AFC-6B7B68E2459F}"
EndProject
Project("{FAE04EC0-301F-11D3-BF4B-00C04F79EFBC}") = "LogDomain.Model", "LogDomain\Model\LogDomain.Model.csproj", "{C0223C42-FC51-4062-91FB-B1FC4B73DF5C}"
EndProject
Project("{FAE04EC0-301F-11D3-BF4B-00C04F79EFBC}") = "LogDomain.Services", "LogDomain\Services\LogDomain.Services.csproj", "{3F2D9BE9-0FB2-4CE5-A228-62AA3CA04FDD}"
EndProject
Project("{2150E333-8FDC-42A3-9474-1A3956D46DE8}") = "ProcessDomain", "ProcessDomain", "{AEE1AD59-8A67-4DCF-91FB-A111096CEC0A}"
EndProject
Project("{FAE04EC0-301F-11D3-BF4B-00C04F79EFBC}") = "ProcessDomain.Infrastructure", "ProcessDomain\Infrastructure\ProcessDomain.Infrastructure.csproj", "{A9BCF001-7FD4-402E-AA40-FCCF4C7FC540}"
EndProject
Project("{FAE04EC0-301F-11D3-BF4B-00C04F79EFBC}") = "ProcessDomain.Model", "ProcessDomain\Model\ProcessDomain.Model.csproj", "{57227589-BB67-425E-9D91-B9F2CCA57CD6}"
EndProject
Project("{FAE04EC0-301F-11D3-BF4B-00C04F79EFBC}") = "ProcessDomain.Services", "ProcessDomain\Services\ProcessDomain.Services.csproj", "{44BC8D39-7F6D-4C1F-856B-36E0D4269A46}"
EndProject
Project("{2150E333-8FDC-42A3-9474-1A3956D46DE8}") = "Common", "Common", "{0050CB58-B6FE-44EB-9F3B-7076CE0690E6}"
EndProject
Project("{FAE04EC0-301F-11D3-BF4B-00C04F79EFBC}") = "VSSMA.Common", "Common\VSSMA.Common.csproj", "{1CF2E986-5591-4058-86FB-9B290BDC1255}"
EndProject
Project("{2150E333-8FDC-42A3-9474-1A3956D46DE8}") = "DeploymentGuide", "DeploymentGuide", "{981B03E2-528B-48B5-A130-A2650AC714B3}"
	ProjectSection(SolutionItems) = preProject
		..\..\..\..\..\..\Users\A270964\Desktop\VSSMaintenanceDeploymentGuide.docx = ..\..\..\..\..\..\Users\A270964\Desktop\VSSMaintenanceDeploymentGuide.docx
	EndProjectSection
EndProject
Global
	GlobalSection(SolutionConfigurationPlatforms) = preSolution
		Debug|Any CPU = Debug|Any CPU
		Dev|Any CPU = Dev|Any CPU
		EDU|Any CPU = EDU|Any CPU
		Prod|Any CPU = Prod|Any CPU
		QA|Any CPU = QA|Any CPU
		Release|Any CPU = Release|Any CPU
		Test|Any CPU = Test|Any CPU
	EndGlobalSection
	GlobalSection(ProjectConfigurationPlatforms) = postSolution
		{35C51828-805C-4FB9-A2FD-B54D1B3D0262}.Debug|Any CPU.ActiveCfg = Debug|Any CPU
		{35C51828-805C-4FB9-A2FD-B54D1B3D0262}.Debug|Any CPU.Build.0 = Debug|Any CPU
		{35C51828-805C-4FB9-A2FD-B54D1B3D0262}.Dev|Any CPU.ActiveCfg = Debug|Any CPU
		{35C51828-805C-4FB9-A2FD-B54D1B3D0262}.Dev|Any CPU.Build.0 = Debug|Any CPU
		{35C51828-805C-4FB9-A2FD-B54D1B3D0262}.EDU|Any CPU.ActiveCfg = Release|Any CPU
		{35C51828-805C-4FB9-A2FD-B54D1B3D0262}.EDU|Any CPU.Build.0 = Release|Any CPU
		{35C51828-805C-4FB9-A2FD-B54D1B3D0262}.Prod|Any CPU.ActiveCfg = Release|Any CPU
		{35C51828-805C-4FB9-A2FD-B54D1B3D0262}.Prod|Any CPU.Build.0 = Release|Any CPU
		{35C51828-805C-4FB9-A2FD-B54D1B3D0262}.QA|Any CPU.ActiveCfg = Release|Any CPU
		{35C51828-805C-4FB9-A2FD-B54D1B3D0262}.QA|Any CPU.Build.0 = Release|Any CPU
		{35C51828-805C-4FB9-A2FD-B54D1B3D0262}.Release|Any CPU.ActiveCfg = Release|Any CPU
		{35C51828-805C-4FB9-A2FD-B54D1B3D0262}.Release|Any CPU.Build.0 = Release|Any CPU
		{35C51828-805C-4FB9-A2FD-B54D1B3D0262}.Test|Any CPU.ActiveCfg = Release|Any CPU
		{35C51828-805C-4FB9-A2FD-B54D1B3D0262}.Test|Any CPU.Build.0 = Release|Any CPU
		{16676A27-6347-4039-8B8A-FC94F4F79C9E}.Debug|Any CPU.ActiveCfg = Debug|Any CPU
		{16676A27-6347-4039-8B8A-FC94F4F79C9E}.Debug|Any CPU.Build.0 = Debug|Any CPU
		{16676A27-6347-4039-8B8A-FC94F4F79C9E}.Dev|Any CPU.ActiveCfg = Debug|Any CPU
		{16676A27-6347-4039-8B8A-FC94F4F79C9E}.Dev|Any CPU.Build.0 = Debug|Any CPU
		{16676A27-6347-4039-8B8A-FC94F4F79C9E}.EDU|Any CPU.ActiveCfg = Release|Any CPU
		{16676A27-6347-4039-8B8A-FC94F4F79C9E}.EDU|Any CPU.Build.0 = Release|Any CPU
		{16676A27-6347-4039-8B8A-FC94F4F79C9E}.Prod|Any CPU.ActiveCfg = Release|Any CPU
		{16676A27-6347-4039-8B8A-FC94F4F79C9E}.Prod|Any CPU.Build.0 = Release|Any CPU
		{16676A27-6347-4039-8B8A-FC94F4F79C9E}.QA|Any CPU.ActiveCfg = Release|Any CPU
		{16676A27-6347-4039-8B8A-FC94F4F79C9E}.QA|Any CPU.Build.0 = Release|Any CPU
		{16676A27-6347-4039-8B8A-FC94F4F79C9E}.Release|Any CPU.ActiveCfg = Release|Any CPU
		{16676A27-6347-4039-8B8A-FC94F4F79C9E}.Release|Any CPU.Build.0 = Release|Any CPU
		{16676A27-6347-4039-8B8A-FC94F4F79C9E}.Test|Any CPU.ActiveCfg = Release|Any CPU
		{16676A27-6347-4039-8B8A-FC94F4F79C9E}.Test|Any CPU.Build.0 = Release|Any CPU
		{73845082-E6DF-4269-B568-517A10EF569B}.Debug|Any CPU.ActiveCfg = Debug|Any CPU
		{73845082-E6DF-4269-B568-517A10EF569B}.Debug|Any CPU.Build.0 = Debug|Any CPU
		{73845082-E6DF-4269-B568-517A10EF569B}.Dev|Any CPU.ActiveCfg = Debug|Any CPU
		{73845082-E6DF-4269-B568-517A10EF569B}.Dev|Any CPU.Build.0 = Debug|Any CPU
		{73845082-E6DF-4269-B568-517A10EF569B}.EDU|Any CPU.ActiveCfg = Release|Any CPU
		{73845082-E6DF-4269-B568-517A10EF569B}.EDU|Any CPU.Build.0 = Release|Any CPU
		{73845082-E6DF-4269-B568-517A10EF569B}.Prod|Any CPU.ActiveCfg = Release|Any CPU
		{73845082-E6DF-4269-B568-517A10EF569B}.Prod|Any CPU.Build.0 = Release|Any CPU
		{73845082-E6DF-4269-B568-517A10EF569B}.QA|Any CPU.ActiveCfg = Release|Any CPU
		{73845082-E6DF-4269-B568-517A10EF569B}.QA|Any CPU.Build.0 = Release|Any CPU
		{73845082-E6DF-4269-B568-517A10EF569B}.Release|Any CPU.ActiveCfg = Release|Any CPU
		{73845082-E6DF-4269-B568-517A10EF569B}.Release|Any CPU.Build.0 = Release|Any CPU
		{73845082-E6DF-4269-B568-517A10EF569B}.Test|Any CPU.ActiveCfg = Release|Any CPU
		{73845082-E6DF-4269-B568-517A10EF569B}.Test|Any CPU.Build.0 = Release|Any CPU
		{561191F7-FA4A-4DC8-90D1-66B423495FB6}.Debug|Any CPU.ActiveCfg = Debug|Any CPU
		{561191F7-FA4A-4DC8-90D1-66B423495FB6}.Debug|Any CPU.Build.0 = Debug|Any CPU
		{561191F7-FA4A-4DC8-90D1-66B423495FB6}.Dev|Any CPU.ActiveCfg = Debug|Any CPU
		{561191F7-FA4A-4DC8-90D1-66B423495FB6}.Dev|Any CPU.Build.0 = Debug|Any CPU
		{561191F7-FA4A-4DC8-90D1-66B423495FB6}.EDU|Any CPU.ActiveCfg = Release|Any CPU
		{561191F7-FA4A-4DC8-90D1-66B423495FB6}.EDU|Any CPU.Build.0 = Release|Any CPU
		{561191F7-FA4A-4DC8-90D1-66B423495FB6}.Prod|Any CPU.ActiveCfg = Release|Any CPU
		{561191F7-FA4A-4DC8-90D1-66B423495FB6}.Prod|Any CPU.Build.0 = Release|Any CPU
		{561191F7-FA4A-4DC8-90D1-66B423495FB6}.QA|Any CPU.ActiveCfg = Release|Any CPU
		{561191F7-FA4A-4DC8-90D1-66B423495FB6}.QA|Any CPU.Build.0 = Release|Any CPU
		{561191F7-FA4A-4DC8-90D1-66B423495FB6}.Release|Any CPU.ActiveCfg = Release|Any CPU
		{561191F7-FA4A-4DC8-90D1-66B423495FB6}.Release|Any CPU.Build.0 = Release|Any CPU
		{561191F7-FA4A-4DC8-90D1-66B423495FB6}.Test|Any CPU.ActiveCfg = Release|Any CPU
		{561191F7-FA4A-4DC8-90D1-66B423495FB6}.Test|Any CPU.Build.0 = Release|Any CPU
		{412B817C-D3E1-43D2-8AFC-6B7B68E2459F}.Debug|Any CPU.ActiveCfg = Debug|Any CPU
		{412B817C-D3E1-43D2-8AFC-6B7B68E2459F}.Debug|Any CPU.Build.0 = Debug|Any CPU
		{412B817C-D3E1-43D2-8AFC-6B7B68E2459F}.Dev|Any CPU.ActiveCfg = Debug|Any CPU
		{412B817C-D3E1-43D2-8AFC-6B7B68E2459F}.Dev|Any CPU.Build.0 = Debug|Any CPU
		{412B817C-D3E1-43D2-8AFC-6B7B68E2459F}.EDU|Any CPU.ActiveCfg = Release|Any CPU
		{412B817C-D3E1-43D2-8AFC-6B7B68E2459F}.EDU|Any CPU.Build.0 = Release|Any CPU
		{412B817C-D3E1-43D2-8AFC-6B7B68E2459F}.Prod|Any CPU.ActiveCfg = Release|Any CPU
		{412B817C-D3E1-43D2-8AFC-6B7B68E2459F}.Prod|Any CPU.Build.0 = Release|Any CPU
		{412B817C-D3E1-43D2-8AFC-6B7B68E2459F}.QA|Any CPU.ActiveCfg = Release|Any CPU
		{412B817C-D3E1-43D2-8AFC-6B7B68E2459F}.QA|Any CPU.Build.0 = Release|Any CPU
		{412B817C-D3E1-43D2-8AFC-6B7B68E2459F}.Release|Any CPU.ActiveCfg = Release|Any CPU
		{412B817C-D3E1-43D2-8AFC-6B7B68E2459F}.Release|Any CPU.Build.0 = Release|Any CPU
		{412B817C-D3E1-43D2-8AFC-6B7B68E2459F}.Test|Any CPU.ActiveCfg = Release|Any CPU
		{412B817C-D3E1-43D2-8AFC-6B7B68E2459F}.Test|Any CPU.Build.0 = Release|Any CPU
		{C0223C42-FC51-4062-91FB-B1FC4B73DF5C}.Debug|Any CPU.ActiveCfg = Debug|Any CPU
		{C0223C42-FC51-4062-91FB-B1FC4B73DF5C}.Debug|Any CPU.Build.0 = Debug|Any CPU
		{C0223C42-FC51-4062-91FB-B1FC4B73DF5C}.Dev|Any CPU.ActiveCfg = Debug|Any CPU
		{C0223C42-FC51-4062-91FB-B1FC4B73DF5C}.Dev|Any CPU.Build.0 = Debug|Any CPU
		{C0223C42-FC51-4062-91FB-B1FC4B73DF5C}.EDU|Any CPU.ActiveCfg = Release|Any CPU
		{C0223C42-FC51-4062-91FB-B1FC4B73DF5C}.EDU|Any CPU.Build.0 = Release|Any CPU
		{C0223C42-FC51-4062-91FB-B1FC4B73DF5C}.Prod|Any CPU.ActiveCfg = Release|Any CPU
		{C0223C42-FC51-4062-91FB-B1FC4B73DF5C}.Prod|Any CPU.Build.0 = Release|Any CPU
		{C0223C42-FC51-4062-91FB-B1FC4B73DF5C}.QA|Any CPU.ActiveCfg = Release|Any CPU
		{C0223C42-FC51-4062-91FB-B1FC4B73DF5C}.QA|Any CPU.Build.0 = Release|Any CPU
		{C0223C42-FC51-4062-91FB-B1FC4B73DF5C}.Release|Any CPU.ActiveCfg = Release|Any CPU
		{C0223C42-FC51-4062-91FB-B1FC4B73DF5C}.Release|Any CPU.Build.0 = Release|Any CPU
		{C0223C42-FC51-4062-91FB-B1FC4B73DF5C}.Test|Any CPU.ActiveCfg = Release|Any CPU
		{C0223C42-FC51-4062-91FB-B1FC4B73DF5C}.Test|Any CPU.Build.0 = Release|Any CPU
		{3F2D9BE9-0FB2-4CE5-A228-62AA3CA04FDD}.Debug|Any CPU.ActiveCfg = Debug|Any CPU
		{3F2D9BE9-0FB2-4CE5-A228-62AA3CA04FDD}.Debug|Any CPU.Build.0 = Debug|Any CPU
		{3F2D9BE9-0FB2-4CE5-A228-62AA3CA04FDD}.Dev|Any CPU.ActiveCfg = Debug|Any CPU
		{3F2D9BE9-0FB2-4CE5-A228-62AA3CA04FDD}.Dev|Any CPU.Build.0 = Debug|Any CPU
		{3F2D9BE9-0FB2-4CE5-A228-62AA3CA04FDD}.EDU|Any CPU.ActiveCfg = Release|Any CPU
		{3F2D9BE9-0FB2-4CE5-A228-62AA3CA04FDD}.EDU|Any CPU.Build.0 = Release|Any CPU
		{3F2D9BE9-0FB2-4CE5-A228-62AA3CA04FDD}.Prod|Any CPU.ActiveCfg = Release|Any CPU
		{3F2D9BE9-0FB2-4CE5-A228-62AA3CA04FDD}.Prod|Any CPU.Build.0 = Release|Any CPU
		{3F2D9BE9-0FB2-4CE5-A228-62AA3CA04FDD}.QA|Any CPU.ActiveCfg = Release|Any CPU
		{3F2D9BE9-0FB2-4CE5-A228-62AA3CA04FDD}.QA|Any CPU.Build.0 = Release|Any CPU
		{3F2D9BE9-0FB2-4CE5-A228-62AA3CA04FDD}.Release|Any CPU.ActiveCfg = Release|Any CPU
		{3F2D9BE9-0FB2-4CE5-A228-62AA3CA04FDD}.Release|Any CPU.Build.0 = Release|Any CPU
		{3F2D9BE9-0FB2-4CE5-A228-62AA3CA04FDD}.Test|Any CPU.ActiveCfg = Release|Any CPU
		{3F2D9BE9-0FB2-4CE5-A228-62AA3CA04FDD}.Test|Any CPU.Build.0 = Release|Any CPU
		{A9BCF001-7FD4-402E-AA40-FCCF4C7FC540}.Debug|Any CPU.ActiveCfg = Debug|Any CPU
		{A9BCF001-7FD4-402E-AA40-FCCF4C7FC540}.Debug|Any CPU.Build.0 = Debug|Any CPU
		{A9BCF001-7FD4-402E-AA40-FCCF4C7FC540}.Dev|Any CPU.ActiveCfg = Debug|Any CPU
		{A9BCF001-7FD4-402E-AA40-FCCF4C7FC540}.Dev|Any CPU.Build.0 = Debug|Any CPU
		{A9BCF001-7FD4-402E-AA40-FCCF4C7FC540}.EDU|Any CPU.ActiveCfg = Release|Any CPU
		{A9BCF001-7FD4-402E-AA40-FCCF4C7FC540}.EDU|Any CPU.Build.0 = Release|Any CPU
		{A9BCF001-7FD4-402E-AA40-FCCF4C7FC540}.Prod|Any CPU.ActiveCfg = Release|Any CPU
		{A9BCF001-7FD4-402E-AA40-FCCF4C7FC540}.Prod|Any CPU.Build.0 = Release|Any CPU
		{A9BCF001-7FD4-402E-AA40-FCCF4C7FC540}.QA|Any CPU.ActiveCfg = Release|Any CPU
		{A9BCF001-7FD4-402E-AA40-FCCF4C7FC540}.QA|Any CPU.Build.0 = Release|Any CPU
		{A9BCF001-7FD4-402E-AA40-FCCF4C7FC540}.Release|Any CPU.ActiveCfg = Release|Any CPU
		{A9BCF001-7FD4-402E-AA40-FCCF4C7FC540}.Release|Any CPU.Build.0 = Release|Any CPU
		{A9BCF001-7FD4-402E-AA40-FCCF4C7FC540}.Test|Any CPU.ActiveCfg = Release|Any CPU
		{A9BCF001-7FD4-402E-AA40-FCCF4C7FC540}.Test|Any CPU.Build.0 = Release|Any CPU
		{57227589-BB67-425E-9D91-B9F2CCA57CD6}.Debug|Any CPU.ActiveCfg = Debug|Any CPU
		{57227589-BB67-425E-9D91-B9F2CCA57CD6}.Debug|Any CPU.Build.0 = Debug|Any CPU
		{57227589-BB67-425E-9D91-B9F2CCA57CD6}.Dev|Any CPU.ActiveCfg = Debug|Any CPU
		{57227589-BB67-425E-9D91-B9F2CCA57CD6}.Dev|Any CPU.Build.0 = Debug|Any CPU
		{57227589-BB67-425E-9D91-B9F2CCA57CD6}.EDU|Any CPU.ActiveCfg = Release|Any CPU
		{57227589-BB67-425E-9D91-B9F2CCA57CD6}.EDU|Any CPU.Build.0 = Release|Any CPU
		{57227589-BB67-425E-9D91-B9F2CCA57CD6}.Prod|Any CPU.ActiveCfg = Release|Any CPU
		{57227589-BB67-425E-9D91-B9F2CCA57CD6}.Prod|Any CPU.Build.0 = Release|Any CPU
		{57227589-BB67-425E-9D91-B9F2CCA57CD6}.QA|Any CPU.ActiveCfg = Release|Any CPU
		{57227589-BB67-425E-9D91-B9F2CCA57CD6}.QA|Any CPU.Build.0 = Release|Any CPU
		{57227589-BB67-425E-9D91-B9F2CCA57CD6}.Release|Any CPU.ActiveCfg = Release|Any CPU
		{57227589-BB67-425E-9D91-B9F2CCA57CD6}.Release|Any CPU.Build.0 = Release|Any CPU
		{57227589-BB67-425E-9D91-B9F2CCA57CD6}.Test|Any CPU.ActiveCfg = Release|Any CPU
		{57227589-BB67-425E-9D91-B9F2CCA57CD6}.Test|Any CPU.Build.0 = Release|Any CPU
		{44BC8D39-7F6D-4C1F-856B-36E0D4269A46}.Debug|Any CPU.ActiveCfg = Debug|Any CPU
		{44BC8D39-7F6D-4C1F-856B-36E0D4269A46}.Debug|Any CPU.Build.0 = Debug|Any CPU
		{44BC8D39-7F6D-4C1F-856B-36E0D4269A46}.Dev|Any CPU.ActiveCfg = Debug|Any CPU
		{44BC8D39-7F6D-4C1F-856B-36E0D4269A46}.Dev|Any CPU.Build.0 = Debug|Any CPU
		{44BC8D39-7F6D-4C1F-856B-36E0D4269A46}.EDU|Any CPU.ActiveCfg = Release|Any CPU
		{44BC8D39-7F6D-4C1F-856B-36E0D4269A46}.EDU|Any CPU.Build.0 = Release|Any CPU
		{44BC8D39-7F6D-4C1F-856B-36E0D4269A46}.Prod|Any CPU.ActiveCfg = Release|Any CPU
		{44BC8D39-7F6D-4C1F-856B-36E0D4269A46}.Prod|Any CPU.Build.0 = Release|Any CPU
		{44BC8D39-7F6D-4C1F-856B-36E0D4269A46}.QA|Any CPU.ActiveCfg = Release|Any CPU
		{44BC8D39-7F6D-4C1F-856B-36E0D4269A46}.QA|Any CPU.Build.0 = Release|Any CPU
		{44BC8D39-7F6D-4C1F-856B-36E0D4269A46}.Release|Any CPU.ActiveCfg = Release|Any CPU
		{44BC8D39-7F6D-4C1F-856B-36E0D4269A46}.Release|Any CPU.Build.0 = Release|Any CPU
		{44BC8D39-7F6D-4C1F-856B-36E0D4269A46}.Test|Any CPU.ActiveCfg = Release|Any CPU
		{44BC8D39-7F6D-4C1F-856B-36E0D4269A46}.Test|Any CPU.Build.0 = Release|Any CPU
		{1CF2E986-5591-4058-86FB-9B290BDC1255}.Debug|Any CPU.ActiveCfg = Debug|Any CPU
		{1CF2E986-5591-4058-86FB-9B290BDC1255}.Debug|Any CPU.Build.0 = Debug|Any CPU
		{1CF2E986-5591-4058-86FB-9B290BDC1255}.Dev|Any CPU.ActiveCfg = Debug|Any CPU
		{1CF2E986-5591-4058-86FB-9B290BDC1255}.Dev|Any CPU.Build.0 = Debug|Any CPU
		{1CF2E986-5591-4058-86FB-9B290BDC1255}.EDU|Any CPU.ActiveCfg = Release|Any CPU
		{1CF2E986-5591-4058-86FB-9B290BDC1255}.EDU|Any CPU.Build.0 = Release|Any CPU
		{1CF2E986-5591-4058-86FB-9B290BDC1255}.Prod|Any CPU.ActiveCfg = Release|Any CPU
		{1CF2E986-5591-4058-86FB-9B290BDC1255}.Prod|Any CPU.Build.0 = Release|Any CPU
		{1CF2E986-5591-4058-86FB-9B290BDC1255}.QA|Any CPU.ActiveCfg = Release|Any CPU
		{1CF2E986-5591-4058-86FB-9B290BDC1255}.QA|Any CPU.Build.0 = Release|Any CPU
		{1CF2E986-5591-4058-86FB-9B290BDC1255}.Release|Any CPU.ActiveCfg = Release|Any CPU
		{1CF2E986-5591-4058-86FB-9B290BDC1255}.Release|Any CPU.Build.0 = Release|Any CPU
		{1CF2E986-5591-4058-86FB-9B290BDC1255}.Test|Any CPU.ActiveCfg = Release|Any CPU
		{1CF2E986-5591-4058-86FB-9B290BDC1255}.Test|Any CPU.Build.0 = Release|Any CPU
	EndGlobalSection
	GlobalSection(SolutionProperties) = preSolution
		HideSolutionNode = FALSE
	EndGlobalSection
	GlobalSection(NestedProjects) = preSolution
		{6575A7AB-6F8F-4236-AC61-A8F3EBD0967A} = {867A80A0-B47B-46CC-B028-0120D5C326C7}
		{2E834C98-A7A7-4994-828B-6309EE8BCCE1} = {6575A7AB-6F8F-4236-AC61-A8F3EBD0967A}
		{CD397936-4455-45B8-B6E1-5924AB4A60B6} = {867A80A0-B47B-46CC-B028-0120D5C326C7}
		{0E50579C-DB24-4A8D-BF7D-C5A4253D1836} = {CD397936-4455-45B8-B6E1-5924AB4A60B6}
		{3440E6CF-EB2A-4B15-B8B9-97CE748DFE64} = {867A80A0-B47B-46CC-B028-0120D5C326C7}
		{74F6EA10-5749-4152-A6FD-A4D58AA9352B} = {3440E6CF-EB2A-4B15-B8B9-97CE748DFE64}
		{3AB6013F-41E8-46DC-BB49-7FCAE0792893} = {867A80A0-B47B-46CC-B028-0120D5C326C7}
		{3A73CF61-A22D-40A5-A736-666160A384E8} = {3AB6013F-41E8-46DC-BB49-7FCAE0792893}
		{35C51828-805C-4FB9-A2FD-B54D1B3D0262} = {7DD46556-B554-450A-82ED-10D458176A2E}
		{1AB016FC-ECD0-4BB8-9F54-87F5D2DD570E} = {3B010E19-F10D-49CE-8EB8-3EE6B8EA7BF8}
		{16676A27-6347-4039-8B8A-FC94F4F79C9E} = {1AB016FC-ECD0-4BB8-9F54-87F5D2DD570E}
		{73845082-E6DF-4269-B568-517A10EF569B} = {1AB016FC-ECD0-4BB8-9F54-87F5D2DD570E}
		{561191F7-FA4A-4DC8-90D1-66B423495FB6} = {1AB016FC-ECD0-4BB8-9F54-87F5D2DD570E}
		{7DD46556-B554-450A-82ED-10D458176A2E} = {3B010E19-F10D-49CE-8EB8-3EE6B8EA7BF8}
		{408CF576-77AF-4324-8B22-0FD1BECCD187} = {3B010E19-F10D-49CE-8EB8-3EE6B8EA7BF8}
		{412B817C-D3E1-43D2-8AFC-6B7B68E2459F} = {408CF576-77AF-4324-8B22-0FD1BECCD187}
		{C0223C42-FC51-4062-91FB-B1FC4B73DF5C} = {408CF576-77AF-4324-8B22-0FD1BECCD187}
		{3F2D9BE9-0FB2-4CE5-A228-62AA3CA04FDD} = {408CF576-77AF-4324-8B22-0FD1BECCD187}
		{AEE1AD59-8A67-4DCF-91FB-A111096CEC0A} = {3B010E19-F10D-49CE-8EB8-3EE6B8EA7BF8}
		{A9BCF001-7FD4-402E-AA40-FCCF4C7FC540} = {AEE1AD59-8A67-4DCF-91FB-A111096CEC0A}
		{57227589-BB67-425E-9D91-B9F2CCA57CD6} = {AEE1AD59-8A67-4DCF-91FB-A111096CEC0A}
		{44BC8D39-7F6D-4C1F-856B-36E0D4269A46} = {AEE1AD59-8A67-4DCF-91FB-A111096CEC0A}
		{0050CB58-B6FE-44EB-9F3B-7076CE0690E6} = {3B010E19-F10D-49CE-8EB8-3EE6B8EA7BF8}
		{1CF2E986-5591-4058-86FB-9B290BDC1255} = {0050CB58-B6FE-44EB-9F3B-7076CE0690E6}
		{981B03E2-528B-48B5-A130-A2650AC714B3} = {1C0DFA9D-9B24-4E47-8496-D651CD1061FF}
	EndGlobalSection
	GlobalSection(TeamFoundationVersionControl) = preSolution
		SccNumberOfProjects = 12
		SccEnterpriseProvider = {4CA58AB2-18FA-4F8D-95D4-32DDF27D184C}
		SccTeamFoundationServer = https://tfs.it.volvo.net:8443/tfs/global
		SccLocalPath0 = .
		SccProjectUniqueName1 = NVSComponents\\UserDomain\\Infrastructure\\UserDomain.Infrastructure.csproj
		SccProjectTopLevelParentUniqueName1 = VssMaintenanceTool.sln
		SccProjectName1 = NVSComponents/UserDomain/Infrastructure
		SccLocalPath1 = NVSComponents\\UserDomain\\Infrastructure
		SccProjectUniqueName2 = NVSComponents\\UserDomain\\Model\\UserDomain.Model.csproj
		SccProjectTopLevelParentUniqueName2 = VssMaintenanceTool.sln
		SccProjectName2 = NVSComponents/UserDomain/Model
		SccLocalPath2 = NVSComponents\\UserDomain\\Model
		SccProjectUniqueName3 = NVSComponents\\UserDomain\\Services\\UserDomain.Services.csproj
		SccProjectTopLevelParentUniqueName3 = VssMaintenanceTool.sln
		SccProjectName3 = NVSComponents/UserDomain/Services
		SccLocalPath3 = NVSComponents\\UserDomain\\Services
		SccProjectUniqueName4 = UserInterface\\WebUIComponent.csproj
		SccProjectTopLevelParentUniqueName4 = VssMaintenanceTool.sln
		SccProjectName4 = UserInterface
		SccLocalPath4 = UserInterface
		SccProjectUniqueName5 = LogDomain\\Infrastructure\\LogDomain.Infrastructure.csproj
		SccProjectTopLevelParentUniqueName5 = VssMaintenanceTool.sln
		SccProjectName5 = LogDomain/Infrastructure
		SccLocalPath5 = LogDomain\\Infrastructure
		SccProjectUniqueName6 = LogDomain\\Model\\LogDomain.Model.csproj
		SccProjectTopLevelParentUniqueName6 = VssMaintenanceTool.sln
		SccProjectName6 = LogDomain/Model
		SccLocalPath6 = LogDomain\\Model
		SccProjectUniqueName7 = LogDomain\\Services\\LogDomain.Services.csproj
		SccProjectTopLevelParentUniqueName7 = VssMaintenanceTool.sln
		SccProjectName7 = LogDomain/Services
		SccLocalPath7 = LogDomain\\Services
		SccProjectUniqueName8 = ProcessDomain\\Infrastructure\\ProcessDomain.Infrastructure.csproj
		SccProjectTopLevelParentUniqueName8 = VssMaintenanceTool.sln
		SccProjectName8 = ProcessDomain/Infrastructure
		SccLocalPath8 = ProcessDomain\\Infrastructure
		SccProjectUniqueName9 = ProcessDomain\\Model\\ProcessDomain.Model.csproj
		SccProjectTopLevelParentUniqueName9 = VssMaintenanceTool.sln
		SccProjectName9 = ProcessDomain/Model
		SccLocalPath9 = ProcessDomain\\Model
		SccProjectUniqueName10 = ProcessDomain\\Services\\ProcessDomain.Services.csproj
		SccProjectTopLevelParentUniqueName10 = VssMaintenanceTool.sln
		SccProjectName10 = ProcessDomain/Services
		SccLocalPath10 = ProcessDomain\\Services
		SccProjectUniqueName11 = Common\\VSSMA.Common.csproj
		SccProjectTopLevelParentUniqueName11 = VssMaintenanceTool.sln
		SccProjectName11 = Common
		SccLocalPath11 = Common
	EndGlobalSection
EndGlobal
